// !$*UTF8*$!
{
	archiveVersion = 1;
	classes = {
	};
	objectVersion = 46;
	objects = {

/* Begin PBXBuildFile section */
		7347C0BF1E51F4D50034DF72 /* BullsEye.html in Resources */ = {isa = PBXBuildFile; fileRef = 7347C0BE1E51F4D40034DF72 /* BullsEye.html */; };
		7347C0C11E5340000034DF72 /* Default-568h@2x.png in Resources */ = {isa = PBXBuildFile; fileRef = 7347C0C01E5340000034DF72 /* Default-568h@2x.png */; };
		73B8A9A51E4E07F1002133E3 /* AboutViewController.swift in Sources */ = {isa = PBXBuildFile; fileRef = 73B8A9A41E4E07F1002133E3 /* AboutViewController.swift */; };
		73EEAF5F1E49D61200F37BA5 /* AppDelegate.swift in Sources */ = {isa = PBXBuildFile; fileRef = 73EEAF5E1E49D61200F37BA5 /* AppDelegate.swift */; };
		73EEAF611E49D61200F37BA5 /* ViewController.swift in Sources */ = {isa = PBXBuildFile; fileRef = 73EEAF601E49D61200F37BA5 /* ViewController.swift */; };
		73EEAF641E49D61200F37BA5 /* Main.storyboard in Resources */ = {isa = PBXBuildFile; fileRef = 73EEAF621E49D61200F37BA5 /* Main.storyboard */; };
		73EEAF671E49D61200F37BA5 /* BullsEys.xcdatamodeld in Sources */ = {isa = PBXBuildFile; fileRef = 73EEAF651E49D61200F37BA5 /* BullsEys.xcdatamodeld */; };
		73EEAF691E49D61200F37BA5 /* Assets.xcassets in Resources */ = {isa = PBXBuildFile; fileRef = 73EEAF681E49D61200F37BA5 /* Assets.xcassets */; };
		73EEAF771E49D61200F37BA5 /* BullsEysTests.swift in Sources */ = {isa = PBXBuildFile; fileRef = 73EEAF761E49D61200F37BA5 /* BullsEysTests.swift */; };
		73EEAF821E49D61200F37BA5 /* BullsEysUITests.swift in Sources */ = {isa = PBXBuildFile; fileRef = 73EEAF811E49D61200F37BA5 /* BullsEysUITests.swift */; };
/* End PBXBuildFile section */

/* Begin PBXContainerItemProxy section */
		73EEAF731E49D61200F37BA5 /* PBXContainerItemProxy */ = {
			isa = PBXContainerItemProxy;
			containerPortal = 73EEAF531E49D61100F37BA5 /* Project object */;
			proxyType = 1;
			remoteGlobalIDString = 73EEAF5A1E49D61100F37BA5;
			remoteInfo = BullsEys;
		};
		73EEAF7E1E49D61200F37BA5 /* PBXContainerItemProxy */ = {
			isa = PBXContainerItemProxy;
			containerPortal = 73EEAF531E49D61100F37BA5 /* Project object */;
			proxyType = 1;
			remoteGlobalIDString = 73EEAF5A1E49D61100F37BA5;
			remoteInfo = BullsEys;
		};
/* End PBXContainerItemProxy section */

/* Begin PBXFileReference section */
		7347C0BE1E51F4D40034DF72 /* BullsEye.html */ = {isa = PBXFileReference; fileEncoding = 4; lastKnownFileType = text.html; path = BullsEye.html; sourceTree = "<group>"; };
		7347C0C01E5340000034DF72 /* Default-568h@2x.png */ = {isa = PBXFileReference; lastKnownFileType = image.png; path = "Default-568h@2x.png"; sourceTree = "<group>"; };
		73B8A9A41E4E07F1002133E3 /* AboutViewController.swift */ = {isa = PBXFileReference; fileEncoding = 4; lastKnownFileType = sourcecode.swift; path = AboutViewController.swift; sourceTree = "<group>"; };
		73EEAF5B1E49D61100F37BA5 /* BullsEys.app */ = {isa = PBXFileReference; explicitFileType = wrapper.application; includeInIndex = 0; path = BullsEys.app; sourceTree = BUILT_PRODUCTS_DIR; };
		73EEAF5E1E49D61200F37BA5 /* AppDelegate.swift */ = {isa = PBXFileReference; lastKnownFileType = sourcecode.swift; path = AppDelegate.swift; sourceTree = "<group>"; };
		73EEAF601E49D61200F37BA5 /* ViewController.swift */ = {isa = PBXFileReference; lastKnownFileType = sourcecode.swift; path = ViewController.swift; sourceTree = "<group>"; };
		73EEAF631E49D61200F37BA5 /* Base */ = {isa = PBXFileReference; lastKnownFileType = file.storyboard; name = Base; path = Base.lproj/Main.storyboard; sourceTree = "<group>"; };
		73EEAF661E49D61200F37BA5 /* BullsEys.xcdatamodel */ = {isa = PBXFileReference; lastKnownFileType = wrapper.xcdatamodel; path = BullsEys.xcdatamodel; sourceTree = "<group>"; };
		73EEAF681E49D61200F37BA5 /* Assets.xcassets */ = {isa = PBXFileReference; lastKnownFileType = folder.assetcatalog; path = Assets.xcassets; sourceTree = "<group>"; };
		73EEAF6D1E49D61200F37BA5 /* Info.plist */ = {isa = PBXFileReference; lastKnownFileType = text.plist.xml; path = Info.plist; sourceTree = "<group>"; };
		73EEAF721E49D61200F37BA5 /* BullsEysTests.xctest */ = {isa = PBXFileReference; explicitFileType = wrapper.cfbundle; includeInIndex = 0; path = BullsEysTests.xctest; sourceTree = BUILT_PRODUCTS_DIR; };
		73EEAF761E49D61200F37BA5 /* BullsEysTests.swift */ = {isa = PBXFileReference; lastKnownFileType = sourcecode.swift; path = BullsEysTests.swift; sourceTree = "<group>"; };
		73EEAF781E49D61200F37BA5 /* Info.plist */ = {isa = PBXFileReference; lastKnownFileType = text.plist.xml; path = Info.plist; sourceTree = "<group>"; };
		73EEAF7D1E49D61200F37BA5 /* BullsEysUITests.xctest */ = {isa = PBXFileReference; explicitFileType = wrapper.cfbundle; includeInIndex = 0; path = BullsEysUITests.xctest; sourceTree = BUILT_PRODUCTS_DIR; };
		73EEAF811E49D61200F37BA5 /* BullsEysUITests.swift */ = {isa = PBXFileReference; lastKnownFileType = sourcecode.swift; path = BullsEysUITests.swift; sourceTree = "<group>"; };
		73EEAF831E49D61200F37BA5 /* Info.plist */ = {isa = PBXFileReference; lastKnownFileType = text.plist.xml; path = Info.plist; sourceTree = "<group>"; };
/* End PBXFileReference section */

/* Begin PBXFrameworksBuildPhase section */
		73EEAF581E49D61100F37BA5 /* Frameworks */ = {
			isa = PBXFrameworksBuildPhase;
			buildActionMask = 2147483647;
			files = (
			);
			runOnlyForDeploymentPostprocessing = 0;
		};
		73EEAF6F1E49D61200F37BA5 /* Frameworks */ = {
			isa = PBXFrameworksBuildPhase;
			buildActionMask = 2147483647;
			files = (
			);
			runOnlyForDeploymentPostprocessing = 0;
		};
		73EEAF7A1E49D61200F37BA5 /* Frameworks */ = {
			isa = PBXFrameworksBuildPhase;
			buildActionMask = 2147483647;
			files = (
			);
			runOnlyForDeploymentPostprocessing = 0;
		};
/* End PBXFrameworksBuildPhase section */

/* Begin PBXGroup section */
		73EEAF521E49D61100F37BA5 = {
			isa = PBXGroup;
			children = (
				73EEAF5D1E49D61100F37BA5 /* BullsEys */,
				73EEAF751E49D61200F37BA5 /* BullsEysTests */,
				73EEAF801E49D61200F37BA5 /* BullsEysUITests */,
				73EEAF5C1E49D61100F37BA5 /* Products */,
			);
			sourceTree = "<group>";
		};
		73EEAF5C1E49D61100F37BA5 /* Products */ = {
			isa = PBXGroup;
			children = (
				73EEAF5B1E49D61100F37BA5 /* BullsEys.app */,
				73EEAF721E49D61200F37BA5 /* BullsEysTests.xctest */,
				73EEAF7D1E49D61200F37BA5 /* BullsEysUITests.xctest */,
			);
			name = Products;
			sourceTree = "<group>";
		};
		73EEAF5D1E49D61100F37BA5 /* BullsEys */ = {
			isa = PBXGroup;
			children = (
				7347C0C01E5340000034DF72 /* Default-568h@2x.png */,
				7347C0BE1E51F4D40034DF72 /* BullsEye.html */,
				73EEAF5E1E49D61200F37BA5 /* AppDelegate.swift */,
				73EEAF601E49D61200F37BA5 /* ViewController.swift */,
				73B8A9A41E4E07F1002133E3 /* AboutViewController.swift */,
				73EEAF621E49D61200F37BA5 /* Main.storyboard */,
				73EEAF681E49D61200F37BA5 /* Assets.xcassets */,
				73EEAF6D1E49D61200F37BA5 /* Info.plist */,
				73EEAF651E49D61200F37BA5 /* BullsEys.xcdatamodeld */,
			);
			path = BullsEys;
			sourceTree = "<group>";
		};
		73EEAF751E49D61200F37BA5 /* BullsEysTests */ = {
			isa = PBXGroup;
			children = (
				73EEAF761E49D61200F37BA5 /* BullsEysTests.swift */,
				73EEAF781E49D61200F37BA5 /* Info.plist */,
			);
			path = BullsEysTests;
			sourceTree = "<group>";
		};
		73EEAF801E49D61200F37BA5 /* BullsEysUITests */ = {
			isa = PBXGroup;
			children = (
				73EEAF811E49D61200F37BA5 /* BullsEysUITests.swift */,
				73EEAF831E49D61200F37BA5 /* Info.plist */,
			);
			path = BullsEysUITests;
			sourceTree = "<group>";
		};
/* End PBXGroup section */

/* Begin PBXNativeTarget section */
		73EEAF5A1E49D61100F37BA5 /* BullsEys */ = {
			isa = PBXNativeTarget;
			buildConfigurationList = 73EEAF861E49D61200F37BA5 /* Build configuration list for PBXNativeTarget "BullsEys" */;
			buildPhases = (
				73EEAF571E49D61100F37BA5 /* Sources */,
				73EEAF581E49D61100F37BA5 /* Frameworks */,
				73EEAF591E49D61100F37BA5 /* Resources */,
			);
			buildRules = (
			);
			dependencies = (
			);
			name = BullsEys;
			productName = BullsEys;
			productReference = 73EEAF5B1E49D61100F37BA5 /* BullsEys.app */;
			productType = "com.apple.product-type.application";
		};
		73EEAF711E49D61200F37BA5 /* BullsEysTests */ = {
			isa = PBXNativeTarget;
			buildConfigurationList = 73EEAF891E49D61200F37BA5 /* Build configuration list for PBXNativeTarget "BullsEysTests" */;
			buildPhases = (
				73EEAF6E1E49D61200F37BA5 /* Sources */,
				73EEAF6F1E49D61200F37BA5 /* Frameworks */,
				73EEAF701E49D61200F37BA5 /* Resources */,
			);
			buildRules = (
			);
			dependencies = (
				73EEAF741E49D61200F37BA5 /* PBXTargetDependency */,
			);
			name = BullsEysTests;
			productName = BullsEysTests;
			productReference = 73EEAF721E49D61200F37BA5 /* BullsEysTests.xctest */;
			productType = "com.apple.product-type.bundle.unit-test";
		};
		73EEAF7C1E49D61200F37BA5 /* BullsEysUITests */ = {
			isa = PBXNativeTarget;
			buildConfigurationList = 73EEAF8C1E49D61200F37BA5 /* Build configuration list for PBXNativeTarget "BullsEysUITests" */;
			buildPhases = (
				73EEAF791E49D61200F37BA5 /* Sources */,
				73EEAF7A1E49D61200F37BA5 /* Frameworks */,
				73EEAF7B1E49D61200F37BA5 /* Resources */,
			);
			buildRules = (
			);
			dependencies = (
				73EEAF7F1E49D61200F37BA5 /* PBXTargetDependency */,
			);
			name = BullsEysUITests;
			productName = BullsEysUITests;
			productReference = 73EEAF7D1E49D61200F37BA5 /* BullsEysUITests.xctest */;
			productType = "com.apple.product-type.bundle.ui-testing";
		};
/* End PBXNativeTarget section */

/* Begin PBXProject section */
		73EEAF531E49D61100F37BA5 /* Project object */ = {
			isa = PBXProject;
			attributes = {
				LastSwiftUpdateCheck = 0800;
				LastUpgradeCheck = 0800;
				ORGANIZATIONNAME = "Tanya Tomchuk";
				TargetAttributes = {
					73EEAF5A1E49D61100F37BA5 = {
						CreatedOnToolsVersion = 8.0;
						DevelopmentTeam = 7EH4Z4842M;
						ProvisioningStyle = Automatic;
					};
					73EEAF711E49D61200F37BA5 = {
						CreatedOnToolsVersion = 8.0;
						DevelopmentTeam = 7EH4Z4842M;
						ProvisioningStyle = Automatic;
						TestTargetID = 73EEAF5A1E49D61100F37BA5;
					};
					73EEAF7C1E49D61200F37BA5 = {
						CreatedOnToolsVersion = 8.0;
						DevelopmentTeam = 7EH4Z4842M;
						ProvisioningStyle = Automatic;
						TestTargetID = 73EEAF5A1E49D61100F37BA5;
					};
				};
			};
			buildConfigurationList = 73EEAF561E49D61100F37BA5 /* Build configuration list for PBXProject "BullsEys" */;
			compatibilityVersion = "Xcode 3.2";
			developmentRegion = English;
			hasScannedForEncodings = 0;
			knownRegions = (
				en,
				Base,
			);
			mainGroup = 73EEAF521E49D61100F37BA5;
			productRefGroup = 73EEAF5C1E49D61100F37BA5 /* Products */;
			projectDirPath = "";
			projectRoot = "";
			targets = (
				73EEAF5A1E49D61100F37BA5 /* BullsEys */,
				73EEAF711E49D61200F37BA5 /* BullsEysTests */,
				73EEAF7C1E49D61200F37BA5 /* BullsEysUITests */,
			);
		};
/* End PBXProject section */

/* Begin PBXResourcesBuildPhase section */
		73EEAF591E49D61100F37BA5 /* Resources */ = {
			isa = PBXResourcesBuildPhase;
			buildActionMask = 2147483647;
			files = (
				7347C0BF1E51F4D50034DF72 /* BullsEye.html in Resources */,
				7347C0C11E5340000034DF72 /* Default-568h@2x.png in Resources */,
				73EEAF691E49D61200F37BA5 /* Assets.xcassets in Resources */,
				73EEAF641E49D61200F37BA5 /* Main.storyboard in Resources */,
			);
			runOnlyForDeploymentPostprocessing = 0;
		};
		73EEAF701E49D61200F37BA5 /* Resources */ = {
			isa = PBXResourcesBuildPhase;
			buildActionMask = 2147483647;
			files = (
			);
			runOnlyForDeploymentPostprocessing = 0;
		};
		73EEAF7B1E49D61200F37BA5 /* Resources */ = {
			isa = PBXResourcesBuildPhase;
			buildActionMask = 2147483647;
			files = (
			);
			runOnlyForDeploymentPostprocessing = 0;
		};
/* End PBXResourcesBuildPhase section */

/* Begin PBXSourcesBuildPhase section */
		73EEAF571E49D61100F37BA5 /* Sources */ = {
			isa = PBXSourcesBuildPhase;
			buildActionMask = 2147483647;
			files = (
				73EEAF611E49D61200F37BA5 /* ViewController.swift in Sources */,
				73EEAF671E49D61200F37BA5 /* BullsEys.xcdatamodeld in Sources */,
				73B8A9A51E4E07F1002133E3 /* AboutViewController.swift in Sources */,
				73EEAF5F1E49D61200F37BA5 /* AppDelegate.swift in Sources */,
			);
			runOnlyForDeploymentPostprocessing = 0;
		};
		73EEAF6E1E49D61200F37BA5 /* Sources */ = {
			isa = PBXSourcesBuildPhase;
			buildActionMask = 2147483647;
			files = (
				73EEAF771E49D61200F37BA5 /* BullsEysTests.swift in Sources */,
			);
			runOnlyForDeploymentPostprocessing = 0;
		};
		73EEAF791E49D61200F37BA5 /* Sources */ = {
			isa = PBXSourcesBuildPhase;
			buildActionMask = 2147483647;
			files = (
				73EEAF821E49D61200F37BA5 /* BullsEysUITests.swift in Sources */,
			);
			runOnlyForDeploymentPostprocessing = 0;
		};
/* End PBXSourcesBuildPhase section */

/* Begin PBXTargetDependency section */
		73EEAF741E49D61200F37BA5 /* PBXTargetDependency */ = {
			isa = PBXTargetDependency;
			target = 73EEAF5A1E49D61100F37BA5 /* BullsEys */;
			targetProxy = 73EEAF731E49D61200F37BA5 /* PBXContainerItemProxy */;
		};
		73EEAF7F1E49D61200F37BA5 /* PBXTargetDependency */ = {
			isa = PBXTargetDependency;
			target = 73EEAF5A1E49D61100F37BA5 /* BullsEys */;
			targetProxy = 73EEAF7E1E49D61200F37BA5 /* PBXContainerItemProxy */;
		};
/* End PBXTargetDependency section */

/* Begin PBXVariantGroup section */
		73EEAF621E49D61200F37BA5 /* Main.storyboard */ = {
			isa = PBXVariantGroup;
			children = (
				73EEAF631E49D61200F37BA5 /* Base */,
			);
			name = Main.storyboard;
			sourceTree = "<group>";
		};
/* End PBXVariantGroup section */

/* Begin XCBuildConfiguration section */
		73EEAF841E49D61200F37BA5 /* Debug */ = {
			isa = XCBuildConfiguration;
			buildSettings = {
				ALWAYS_SEARCH_USER_PATHS = NO;
				CLANG_ANALYZER_NONNULL = YES;
				CLANG_CXX_LANGUAGE_STANDARD = "gnu++0x";
				CLANG_CXX_LIBRARY = "libc++";
				CLANG_ENABLE_MODULES = YES;
				CLANG_ENABLE_OBJC_ARC = YES;
				CLANG_WARN_BOOL_CONVERSION = YES;
				CLANG_WARN_CONSTANT_CONVERSION = YES;
				CLANG_WARN_DIRECT_OBJC_ISA_USAGE = YES_ERROR;
				CLANG_WARN_DOCUMENTATION_COMMENTS = YES;
				CLANG_WARN_EMPTY_BODY = YES;
				CLANG_WARN_ENUM_CONVERSION = YES;
				CLANG_WARN_INFINITE_RECURSION = YES;
				CLANG_WARN_INT_CONVERSION = YES;
				CLANG_WARN_OBJC_ROOT_CLASS = YES_ERROR;
				CLANG_WARN_SUSPICIOUS_MOVES = YES;
				CLANG_WARN_UNREACHABLE_CODE = YES;
				CLANG_WARN__DUPLICATE_METHOD_MATCH = YES;
				"CODE_SIGN_IDENTITY[sdk=iphoneos*]" = "iPhone Developer";
				COPY_PHASE_STRIP = NO;
				DEBUG_INFORMATION_FORMAT = dwarf;
				ENABLE_STRICT_OBJC_MSGSEND = YES;
				ENABLE_TESTABILITY = YES;
				GCC_C_LANGUAGE_STANDARD = gnu99;
				GCC_DYNAMIC_NO_PIC = NO;
				GCC_NO_COMMON_BLOCKS = YES;
				GCC_OPTIMIZATION_LEVEL = 0;
				GCC_PREPROCESSOR_DEFINITIONS = (
					"DEBUG=1",
					"$(inherited)",
				);
				GCC_WARN_64_TO_32_BIT_CONVERSION = YES;
				GCC_WARN_ABOUT_RETURN_TYPE = YES_ERROR;
				GCC_WARN_UNDECLARED_SELECTOR = YES;
				GCC_WARN_UNINITIALIZED_AUTOS = YES_AGGRESSIVE;
				GCC_WARN_UNUSED_FUNCTION = YES;
				GCC_WARN_UNUSED_VARIABLE = YES;
				IPHONEOS_DEPLOYMENT_TARGET = 10.0;
				MTL_ENABLE_DEBUG_INFO = YES;
				ONLY_ACTIVE_ARCH = YES;
				SDKROOT = iphoneos;
				SWIFT_ACTIVE_COMPILATION_CONDITIONS = DEBUG;
				SWIFT_OPTIMIZATION_LEVEL = "-Onone";
			};
			name = Debug;
		};
		73EEAF851E49D61200F37BA5 /* Release */ = {
			isa = XCBuildConfiguration;
			buildSettings = {
				ALWAYS_SEARCH_USER_PATHS = NO;
				CLANG_ANALYZER_NONNULL = YES;
				CLANG_CXX_LANGUAGE_STANDARD = "gnu++0x";
				CLANG_CXX_LIBRARY = "libc++";
				CLANG_ENABLE_MODULES = YES;
				CLANG_ENABLE_OBJC_ARC = YES;
				CLANG_WARN_BOOL_CONVERSION = YES;
				CLANG_WARN_CONSTANT_CONVERSION = YES;
				CLANG_WARN_DIRECT_OBJC_ISA_USAGE = YES_ERROR;
				CLANG_WARN_DOCUMENTATION_COMMENTS = YES;
				CLANG_WARN_EMPTY_BODY = YES;
				CLANG_WARN_ENUM_CONVERSION = YES;
				CLANG_WARN_INFINITE_RECURSION = YES;
				CLANG_WARN_INT_CONVERSION = YES;
				CLANG_WARN_OBJC_ROOT_CLASS = YES_ERROR;
				CLANG_WARN_SUSPICIOUS_MOVES = YES;
				CLANG_WARN_UNREACHABLE_CODE = YES;
				CLANG_WARN__DUPLICATE_METHOD_MATCH = YES;
				"CODE_SIGN_IDENTITY[sdk=iphoneos*]" = "iPhone Developer";
				COPY_PHASE_STRIP = NO;
				DEBUG_INFORMATION_FORMAT = "dwarf-with-dsym";
				ENABLE_NS_ASSERTIONS = NO;
				ENABLE_STRICT_OBJC_MSGSEND = YES;
				GCC_C_LANGUAGE_STANDARD = gnu99;
				GCC_NO_COMMON_BLOCKS = YES;
				GCC_WARN_64_TO_32_BIT_CONVERSION = YES;
				GCC_WARN_ABOUT_RETURN_TYPE = YES_ERROR;
				GCC_WARN_UNDECLARED_SELECTOR = YES;
				GCC_WARN_UNINITIALIZED_AUTOS = YES_AGGRESSIVE;
				GCC_WARN_UNUSED_FUNCTION = YES;
				GCC_WARN_UNUSED_VARIABLE = YES;
				IPHONEOS_DEPLOYMENT_TARGET = 10.0;
				MTL_ENABLE_DEBUG_INFO = NO;
				SDKROOT = iphoneos;
				SWIFT_OPTIMIZATION_LEVEL = "-Owholemodule";
				VALIDATE_PRODUCT = YES;
			};
			name = Release;
		};
		73EEAF871E49D61200F37BA5 /* Debug */ = {
			isa = XCBuildConfiguration;
			buildSettings = {
				ASSETCATALOG_COMPILER_APPICON_NAME = AppIcon;
				DEVELOPMENT_TEAM = 7EH4Z4842M;
				ENABLE_TESTABILITY = YES;
				INFOPLIST_FILE = BullsEys/Info.plist;
				LD_RUNPATH_SEARCH_PATHS = "$(inherited) @executable_path/Frameworks";
				PRODUCT_BUNDLE_IDENTIFIER = com.epam.BullsEys;
				PRODUCT_NAME = "$(TARGET_NAME)";
				SWIFT_VERSION = 3.0;
				TARGETED_DEVICE_FAMILY = 1;
			};
			name = Debug;
		};
		73EEAF881E49D61200F37BA5 /* Release */ = {
			isa = XCBuildConfiguration;
			buildSettings = {
				ASSETCATALOG_COMPILER_APPICON_NAME = AppIcon;
				DEVELOPMENT_TEAM = 7EH4Z4842M;
				ENABLE_TESTABILITY = YES;
				INFOPLIST_FILE = BullsEys/Info.plist;
				LD_RUNPATH_SEARCH_PATHS = "$(inherited) @executable_path/Frameworks";
				PRODUCT_BUNDLE_IDENTIFIER = com.epam.BullsEys;
				PRODUCT_NAME = "$(TARGET_NAME)";
				SWIFT_VERSION = 3.0;
				TARGETED_DEVICE_FAMILY = 1;
			};
			name = Release;
		};
		73EEAF8A1E49D61200F37BA5 /* Debug */ = {
			isa = XCBuildConfiguration;
			buildSettings = {
				ALWAYS_EMBED_SWIFT_STANDARD_LIBRARIES = YES;
				BUNDLE_LOADER = "$(TEST_HOST)";
				DEVELOPMENT_TEAM = 7EH4Z4842M;
				INFOPLIST_FILE = BullsEysTests/Info.plist;
				LD_RUNPATH_SEARCH_PATHS = "$(inherited) @executable_path/Frameworks @loader_path/Frameworks";
				PRODUCT_BUNDLE_IDENTIFIER = com.epam.BullsEysTests;
				PRODUCT_NAME = "$(TARGET_NAME)";
				SWIFT_VERSION = 3.0;
				TEST_HOST = "$(BUILT_PRODUCTS_DIR)/BullsEys.app/BullsEys";
			};
			name = Debug;
		};
		73EEAF8B1E49D61200F37BA5 /* Release */ = {
			isa = XCBuildConfiguration;
			buildSettings = {
				ALWAYS_EMBED_SWIFT_STANDARD_LIBRARIES = YES;
				BUNDLE_LOADER = "$(TEST_HOST)";
				DEVELOPMENT_TEAM = 7EH4Z4842M;
				INFOPLIST_FILE = BullsEysTests/Info.plist;
				LD_RUNPATH_SEARCH_PATHS = "$(inherited) @executable_path/Frameworks @loader_path/Frameworks";
				PRODUCT_BUNDLE_IDENTIFIER = com.epam.BullsEysTests;
				PRODUCT_NAME = "$(TARGET_NAME)";
				SWIFT_VERSION = 3.0;
				TEST_HOST = "$(BUILT_PRODUCTS_DIR)/BullsEys.app/BullsEys";
			};
			name = Release;
		};
		73EEAF8D1E49D61200F37BA5 /* Debug */ = {
			isa = XCBuildConfiguration;
			buildSettings = {
				ALWAYS_EMBED_SWIFT_STANDARD_LIBRARIES = YES;
				DEVELOPMENT_TEAM = 7EH4Z4842M;
				INFOPLIST_FILE = BullsEysUITests/Info.plist;
				LD_RUNPATH_SEARCH_PATHS = "$(inherited) @executable_path/Frameworks @loader_path/Frameworks";
				PRODUCT_BUNDLE_IDENTIFIER = com.epam.BullsEysUITests;
				PRODUCT_NAME = "$(TARGET_NAME)";
				SWIFT_VERSION = 3.0;
				TEST_TARGET_NAME = BullsEys;
			};
			name = Debug;
		};
		73EEAF8E1E49D61200F37BA5 /* Release */ = {
			isa = XCBuildConfiguration;
			buildSettings = {
				ALWAYS_EMBED_SWIFT_STANDARD_LIBRARIES = YES;
				DEVELOPMENT_TEAM = 7EH4Z4842M;
				INFOPLIST_FILE = BullsEysUITests/Info.plist;
				LD_RUNPATH_SEARCH_PATHS = "$(inherited) @executable_path/Frameworks @loader_path/Frameworks";
				PRODUCT_BUNDLE_IDENTIFIER = com.epam.BullsEysUITests;
				PRODUCT_NAME = "$(TARGET_NAME)";
				SWIFT_VERSION = 3.0;
				TEST_TARGET_NAME = BullsEys;
			};
			name = Release;
		};
/* End XCBuildConfiguration section */

/* Begin XCConfigurationList section */
		73EEAF561E49D61100F37BA5 /* Build configuration list for PBXProject "BullsEys" */ = {
			isa = XCConfigurationList;
			buildConfigurations = (
				73EEAF841E49D61200F37BA5 /* Debug */,
				73EEAF851E49D61200F37BA5 /* Release */,
			);
			defaultConfigurationIsVisible = 0;
			defaultConfigurationName = Release;
		};
		73EEAF861E49D61200F37BA5 /* Build configuration list for PBXNativeTarget "BullsEys" */ = {
			isa = XCConfigurationList;
			buildConfigurations = (
				73EEAF871E49D61200F37BA5 /* Debug */,
				73EEAF881E49D61200F37BA5 /* Release */,
			);
			defaultConfigurationIsVisible = 0;
			defaultConfigurationName = Release;
		};
		73EEAF891E49D61200F37BA5 /* Build configuration list for PBXNativeTarget "BullsEysTests" */ = {
			isa = XCConfigurationList;
			buildConfigurations = (
				73EEAF8A1E49D61200F37BA5 /* Debug */,
				73EEAF8B1E49D61200F37BA5 /* Release */,
			);
			defaultConfigurationIsVisible = 0;
			defaultConfigurationName = Release;
		};
		73EEAF8C1E49D61200F37BA5 /* Build configuration list for PBXNativeTarget "BullsEysUITests" */ = {
			isa = XCConfigurationList;
			buildConfigurations = (
				73EEAF8D1E49D61200F37BA5 /* Debug */,
				73EEAF8E1E49D61200F37BA5 /* Release */,
			);
			defaultConfigurationIsVisible = 0;
			defaultConfigurationName = Release;
		};
/* End XCConfigurationList section */

/* Begin XCVersionGroup section */
		73EEAF651E49D61200F37BA5 /* BullsEys.xcdatamodeld */ = {
			isa = XCVersionGroup;
			children = (
				73EEAF661E49D61200F37BA5 /* BullsEys.xcdatamodel */,
			);
			currentVersion = 73EEAF661E49D61200F37BA5 /* BullsEys.xcdatamodel */;
			path = BullsEys.xcdatamodeld;
			sourceTree = "<group>";
			versionGroupType = wrapper.xcdatamodel;
		};
/* End XCVersionGroup section */
	};
	rootObject = 73EEAF531E49D61100F37BA5 /* Project object */;
}
